version = 1
revision = 3
requires-python = ">=3.12"

[[package]]
name = "aiohappyeyeballs"
version = "2.6.2"
source = { registry = "https://pypi.org/simple" }
sdist = { url = "https://files.pythonhosted.org/packages/33/c6/61a2d7b7572279226bb2e7f61d7a19ca7c90da0329c93fa0d560cbf288d8/aiohappyeyeballs-2.6.2.tar.gz", hash = "sha256:e202810ee718bd01fc6ef49e8ea53d029d5cb6b581076d7925aa499fa55dbe64", size = 22591, upload-time = "2026-05-20T15:12:24.631Z" }
wheels = [
    { url = "https://files.pythonhosted.org/packages/5f/fc/a7bf5b6e4e617b45f90f2d9d2a68519c249c81dd4fc2658c7a2a61c4f4b7/aiohappyeyeballs-2.6.2-py3-none-any.whl", hash = "sha256:4708045e2d7a6c6bdf8aafa8ed39649eaf926a4543b54560659129e3372953c4", size = 15062, upload-time = "2026-05-20T15:12:23.328Z" },
]

[[package]]
name = "aitk"
version = "0.1.0"
source = { editable = "." }
dependencies = [
    { name = "click", specifier = ">=8.4.1" },
    { name = "firecrawl-py", specifier = ">=4.28.0" },
    { name = "httpx", specifier = ">=0.28.1" },
    { name = "imageio", extra = ["pyav"], specifier = ">=2.37.3" },
    { name = "openai", specifier = ">=2.0.0" },
    { name = "pillow", specifier = ">=12.2.0" },
    { name = "playwright", specifier = ">=1.60.0" },
    { name = "pyobjc-framework-applicationservices", marker = "sys_platform == 'darwin'" },
    { name = "pyobjc-framework-quartz", marker = "sys_platform == 'darwin'" },
]

[package.optional-dependencies]
ocr = [
    { name = "pyobjc-framework-vision", marker = "sys_platform == 'darwin'" },
]

[package.metadata]
requires-dist = [
    { name = "click", specifier = ">=8.4.1" },
    { name = "firecrawl-py", specifier = ">=4.28.0" },
    { name = "httpx", specifier = ">=0.28.1" },
    { name = "imageio", extras = ["pyav"], specifier = ">=2.37.3" },
    { name = "openai", specifier = ">=2.0.0" },
    { name = "pillow", specifier = ">=12.2.0" },
    { name = "playwright", specifier = ">=1.60.0" },
    { name = "pyobjc-framework-applicationservices", marker = "sys_platform == 'darwin'", specifier = ">=10.0" },
    { name = "pyobjc-framework-quartz", marker = "sys_platform == 'darwin'", specifier = ">=10.0" },
]

[package.metadata.requires-dev]
ocr = [
    { name = "pyobjc-framework-vision", marker = "sys_platform == 'darwin'", specifier = ">=10.0" },
]
